
Microsoft Visual Studio Solution File, Format Version 12.00
# Visual Studio Version 16
VisualStudioVersion = 16.0.32106.194
MinimumVisualStudioVersion = 10.0.40219.1
Project("{FAE04EC0-301F-11D3-BF4B-00C04F79EFBC}") = "ngl.link flooder", "ngl.link flooder\ngl.link flooder.csproj", "{F45617B7-9726-4FA9-A0F8-98C6DE5EE408}"
EndProject
Global
	GlobalSection(SolutionConfigurationPlatforms) = preSolution
		Debug|Any CPU = Debug|Any CPU
		Release|Any CPU = Release|Any CPU
	EndGlobalSection
	GlobalSection(ProjectConfigurationPlatforms) = postSolution
		{F45617B7-9726-4FA9-A0F8-98C6DE5EE408}.Debug|Any CPU.ActiveCfg = Debug|Any CPU
		{F45617B7-9726-4FA9-A0F8-98C6DE5EE408}.Debug|Any CPU.Build.0 = Debug|Any CPU
		{F45617B7-9726-4FA9-A0F8-98C6DE5EE408}.Release|Any CPU.ActiveCfg = Release|Any CPU
		{F45617B7-9726-4FA9-A0F8-98C6DE5EE408}.Release|Any CPU.Build.0 = Release|Any CPU
	EndGlobalSection
	GlobalSection(SolutionProperties) = preSolution
		HideSolutionNode = FALSE
	EndGlobalSection
	GlobalSection(ExtensibilityGlobals) = postSolution
		SolutionGuid = {28F34626-58C9-4396-BE8A-43AE38245512}
	EndGlobalSection
EndGlobal
